
Microsoft Visual Studio Solution File, Format Version 12.00
# Visual Studio Version 17
VisualStudioVersion = 17.4.33205.214
MinimumVisualStudioVersion = 10.0.40219.1
Project("{9A19103F-16F7-4668-BE54-9A1E7A4F7556}") = "DataAccessLayer", "DataAccessLayer\DataAccessLayer.csproj", "{DA67C7CB-9B49-44C7-BE34-397AD8A14EA7}"
EndProject
Project("{9A19103F-16F7-4668-BE54-9A1E7A4F7556}") = "WorldCupForm", "WorldCupForm\WorldCupForm.csproj", "{FFCE7FC0-BC7D-498F-96CA-B3A4742591F3}"
EndProject
Project("{FAE04EC0-301F-11D3-BF4B-00C04F79EFBC}") = "WorldCupWPF", "WorldCupWPF\WorldCupWPF.csproj", "{18C0C709-AB5B-419B-BF8C-C0B62EB8CD56}"
EndProject
Global
	GlobalSection(SolutionConfigurationPlatforms) = preSolution
		Debug|Any CPU = Debug|Any CPU
		Release|Any CPU = Release|Any CPU
	EndGlobalSection
	GlobalSection(ProjectConfigurationPlatforms) = postSolution
		{DA67C7CB-9B49-44C7-BE34-397AD8A14EA7}.Debug|Any CPU.ActiveCfg = Debug|Any CPU
		{DA67C7CB-9B49-44C7-BE34-397AD8A14EA7}.Debug|Any CPU.Build.0 = Debug|Any CPU
		{DA67C7CB-9B49-44C7-BE34-397AD8A14EA7}.Release|Any CPU.ActiveCfg = Release|Any CPU
		{DA67C7CB-9B49-44C7-BE34-397AD8A14EA7}.Release|Any CPU.Build.0 = Release|Any CPU
		{FFCE7FC0-BC7D-498F-96CA-B3A4742591F3}.Debug|Any CPU.ActiveCfg = Debug|Any CPU
		{FFCE7FC0-BC7D-498F-96CA-B3A4742591F3}.Debug|Any CPU.Build.0 = Debug|Any CPU
		{FFCE7FC0-BC7D-498F-96CA-B3A4742591F3}.Release|Any CPU.ActiveCfg = Release|Any CPU
		{FFCE7FC0-BC7D-498F-96CA-B3A4742591F3}.Release|Any CPU.Build.0 = Release|Any CPU
		{18C0C709-AB5B-419B-BF8C-C0B62EB8CD56}.Debug|Any CPU.ActiveCfg = Debug|Any CPU
		{18C0C709-AB5B-419B-BF8C-C0B62EB8CD56}.Debug|Any CPU.Build.0 = Debug|Any CPU
		{18C0C709-AB5B-419B-BF8C-C0B62EB8CD56}.Release|Any CPU.ActiveCfg = Release|Any CPU
		{18C0C709-AB5B-419B-BF8C-C0B62EB8CD56}.Release|Any CPU.Build.0 = Release|Any CPU
	EndGlobalSection
	GlobalSection(SolutionProperties) = preSolution
		HideSolutionNode = FALSE
	EndGlobalSection
	GlobalSection(ExtensibilityGlobals) = postSolution
		SolutionGuid = {BDC81412-9E63-4BCF-8559-7921B62DA1B1}
	EndGlobalSection
EndGlobal
